{
  "object": {
    "pins": [
      {
        "package": "LASwift",
        "repositoryURL": "https://github.com/ianruh/LASwift.git",
        "state": {
          "branch": "linux",
          "revision": "85e69c157fd6126882842bc52222d1a2ec8dca58",
          "version": null
        }
      },
      {
        "package": "Nimble",
        "repositoryURL": "https://github.com/Quick/Nimble.git",
        "state": {
          "branch": null,
          "revision": "7a46a5fc86cb917f69e3daf79fcb045283d8f008",
          "version": "8.1.2"
        }
      },
      {
        "package": "Quick",
        "repositoryURL": "https://github.com/Quick/Quick.git",
        "state": {
          "branch": null,
          "revision": "09b3becb37cb2163919a3842a4c5fa6ec7130792",
          "version": "2.2.1"
        }
      },
      {
        "package": "swift-argument-parser",
        "repositoryURL": "https://github.com/apple/swift-argument-parser",
        "state": {
          "branch": null,
          "revision": "986d191f94cec88f6350056da59c2e59e83d1229",
          "version": "0.4.3"
        }
      },
      {
        "package": "swift-collections",
        "repositoryURL": "https://github.com/apple/swift-collections.git",
        "state": {
          "branch": null,
          "revision": "2d719d75a2065f213e58a5164384a3d2fcf9b59a",
          "version": "0.0.2"
        }
      },
      {
        "package": "swift-collections-benchmark",
        "repositoryURL": "https://github.com/apple/swift-collections-benchmark",
        "state": {
          "branch": null,
          "revision": "665cbb154a55f45bcedd2ab4faf17b1b7ac06de3",
          "version": "0.0.2"
        }
      },
      {
        "package": "swift-numerics",
        "repositoryURL": "https://github.com/apple/swift-numerics.git",
        "state": {
          "branch": null,
          "revision": "6583ac70c326c3ee080c1d42d9ca3361dca816cd",
          "version": "0.1.0"
        }
      },
      {
        "package": "swift-system",
        "repositoryURL": "https://github.com/apple/swift-system",
        "state": {
          "branch": null,
          "revision": "8ffa04c0a0592e6f4f9c30926dedd8fa1c5371f9",
          "version": "0.0.1"
        }
      }
    ]
  },
  "version": 1
}
